
Microsoft Visual Studio Solution File, Format Version 12.00
# Visual Studio Version 16
VisualStudioVersion = 16.0.30907.101
MinimumVisualStudioVersion = 10.0.40219.1
Project("{9A19103F-16F7-4668-BE54-9A1E7A4F7556}") = "CodeCalisthenics", "CodeCalisthenics\CodeCalisthenics.csproj", "{73DD8182-3CC7-4369-9425-6D5930529EF4}"
EndProject
Project("{2150E333-8FDC-42A3-9474-1A3956D46DE8}") = "Tests", "Tests", "{81F8C44D-5380-49E2-B1AE-D998F85D1AC6}"
EndProject
Project("{FAE04EC0-301F-11D3-BF4B-00C04F79EFBC}") = "CodeCalisthenics.Test", "Tests\CodeCalisthenics.Test\CodeCalisthenics.Test.csproj", "{15A07736-5663-4DC8-B4EA-D6D0115C0C62}"
EndProject
Global
	GlobalSection(SolutionConfigurationPlatforms) = preSolution
		Debug|Any CPU = Debug|Any CPU
		Release|Any CPU = Release|Any CPU
	EndGlobalSection
	GlobalSection(ProjectConfigurationPlatforms) = postSolution
		{73DD8182-3CC7-4369-9425-6D5930529EF4}.Debug|Any CPU.ActiveCfg = Debug|Any CPU
		{73DD8182-3CC7-4369-9425-6D5930529EF4}.Debug|Any CPU.Build.0 = Debug|Any CPU
		{73DD8182-3CC7-4369-9425-6D5930529EF4}.Release|Any CPU.ActiveCfg = Release|Any CPU
		{73DD8182-3CC7-4369-9425-6D5930529EF4}.Release|Any CPU.Build.0 = Release|Any CPU
		{15A07736-5663-4DC8-B4EA-D6D0115C0C62}.Debug|Any CPU.ActiveCfg = Debug|Any CPU
		{15A07736-5663-4DC8-B4EA-D6D0115C0C62}.Debug|Any CPU.Build.0 = Debug|Any CPU
		{15A07736-5663-4DC8-B4EA-D6D0115C0C62}.Release|Any CPU.ActiveCfg = Release|Any CPU
		{15A07736-5663-4DC8-B4EA-D6D0115C0C62}.Release|Any CPU.Build.0 = Release|Any CPU
	EndGlobalSection
	GlobalSection(SolutionProperties) = preSolution
		HideSolutionNode = FALSE
	EndGlobalSection
	GlobalSection(NestedProjects) = preSolution
		{15A07736-5663-4DC8-B4EA-D6D0115C0C62} = {81F8C44D-5380-49E2-B1AE-D998F85D1AC6}
	EndGlobalSection
	GlobalSection(ExtensibilityGlobals) = postSolution
		SolutionGuid = {63D4E619-2EC2-4F35-BB8F-DF69F2F6694C}
	EndGlobalSection
EndGlobal
